
Microsoft Visual Studio Solution File, Format Version 12.00
# Visual Studio Version 16
VisualStudioVersion = 16.0.30320.27
MinimumVisualStudioVersion = 10.0.40219.1
Project("{9A19103F-16F7-4668-BE54-9A1E7A4F7556}") = "Bakery", "Bakery.csproj", "{B3AF12E7-C976-4EE0-8E59-AC7375F106C5}"
EndProject
Project("{9A19103F-16F7-4668-BE54-9A1E7A4F7556}") = "BankSafe", "..\BankSafe\BankSafe\BankSafe.csproj", "{C7E3BC0C-3414-4419-A616-39CE76D43527}"
EndProject
Project("{9A19103F-16F7-4668-BE54-9A1E7A4F7556}") = "BankSafe.Tests", "..\BankSafe\BankSafe.Tests\BankSafe.Tests.csproj", "{1C996ADC-D3B4-4366-A870-D5B9EEA31E80}"
EndProject
Global
	GlobalSection(SolutionConfigurationPlatforms) = preSolution
		Debug|Any CPU = Debug|Any CPU
		Release|Any CPU = Release|Any CPU
	EndGlobalSection
	GlobalSection(ProjectConfigurationPlatforms) = postSolution
		{B3AF12E7-C976-4EE0-8E59-AC7375F106C5}.Debug|Any CPU.ActiveCfg = Debug|Any CPU
		{B3AF12E7-C976-4EE0-8E59-AC7375F106C5}.Debug|Any CPU.Build.0 = Debug|Any CPU
		{B3AF12E7-C976-4EE0-8E59-AC7375F106C5}.Release|Any CPU.ActiveCfg = Release|Any CPU
		{B3AF12E7-C976-4EE0-8E59-AC7375F106C5}.Release|Any CPU.Build.0 = Release|Any CPU
		{C7E3BC0C-3414-4419-A616-39CE76D43527}.Debug|Any CPU.ActiveCfg = Debug|Any CPU
		{C7E3BC0C-3414-4419-A616-39CE76D43527}.Debug|Any CPU.Build.0 = Debug|Any CPU
		{C7E3BC0C-3414-4419-A616-39CE76D43527}.Release|Any CPU.ActiveCfg = Release|Any CPU
		{C7E3BC0C-3414-4419-A616-39CE76D43527}.Release|Any CPU.Build.0 = Release|Any CPU
		{1C996ADC-D3B4-4366-A870-D5B9EEA31E80}.Debug|Any CPU.ActiveCfg = Debug|Any CPU
		{1C996ADC-D3B4-4366-A870-D5B9EEA31E80}.Debug|Any CPU.Build.0 = Debug|Any CPU
		{1C996ADC-D3B4-4366-A870-D5B9EEA31E80}.Release|Any CPU.ActiveCfg = Release|Any CPU
		{1C996ADC-D3B4-4366-A870-D5B9EEA31E80}.Release|Any CPU.Build.0 = Release|Any CPU
	EndGlobalSection
	GlobalSection(SolutionProperties) = preSolution
		HideSolutionNode = FALSE
	EndGlobalSection
	GlobalSection(ExtensibilityGlobals) = postSolution
		SolutionGuid = {B3BCD359-5105-4CF8-8015-A07025620D78}
	EndGlobalSection
EndGlobal
