
Microsoft Visual Studio Solution File, Format Version 12.00
# Visual Studio Version 16
VisualStudioVersion = 16.0.31729.503
MinimumVisualStudioVersion = 10.0.40219.1
Project("{FAE04EC0-301F-11D3-BF4B-00C04F79EFBC}") = "DayOfWeek", "DayOfWeek\DayOfWeek.csproj", "{EF688777-8735-4BBC-A189-C2DF9293D8BA}"
EndProject
Project("{FAE04EC0-301F-11D3-BF4B-00C04F79EFBC}") = "AnimalType", "AnimalType\AnimalType.csproj", "{B2DAA1ED-9258-4AAE-BAB4-CBF257121937}"
EndProject
Project("{FAE04EC0-301F-11D3-BF4B-00C04F79EFBC}") = "PersonalTitles", "PersonalTitles\PersonalTitles.csproj", "{F2A40814-ECBD-4F2A-A72A-2E6B68C67569}"
EndProject
Project("{FAE04EC0-301F-11D3-BF4B-00C04F79EFBC}") = "SmallShop", "SmallShop\SmallShop.csproj", "{9BE4630A-AEF8-4A7C-99FA-B5926FA58F7F}"
EndProject
Project("{FAE04EC0-301F-11D3-BF4B-00C04F79EFBC}") = "NumberInRange", "NumberInRange\NumberInRange.csproj", "{88ED2AEE-B906-45D1-B097-0097B0189CBF}"
EndProject
Project("{FAE04EC0-301F-11D3-BF4B-00C04F79EFBC}") = "FruitOrVegetable", "FruitOrVegetable\FruitOrVegetable.csproj", "{FC5798B2-8AAA-4001-B262-84B6E8223D9A}"
EndProject
Project("{FAE04EC0-301F-11D3-BF4B-00C04F79EFBC}") = "InvalidNumber", "InvalidNumber\InvalidNumber.csproj", "{FF2BAF00-BA01-47BF-8D50-96F5956E86F8}"
EndProject
Project("{FAE04EC0-301F-11D3-BF4B-00C04F79EFBC}") = "FruitShop", "FruitShop\FruitShop.csproj", "{C21D0D0B-8D45-4EEA-8B24-6B1711047F21}"
EndProject
Project("{FAE04EC0-301F-11D3-BF4B-00C04F79EFBC}") = "SkiTrip", "SkiTrip\SkiTrip.csproj", "{2CABA675-9984-4E95-8F46-03B7F4A2FE42}"
EndProject
Global
	GlobalSection(SolutionConfigurationPlatforms) = preSolution
		Debug|Any CPU = Debug|Any CPU
		Release|Any CPU = Release|Any CPU
	EndGlobalSection
	GlobalSection(ProjectConfigurationPlatforms) = postSolution
		{EF688777-8735-4BBC-A189-C2DF9293D8BA}.Debug|Any CPU.ActiveCfg = Debug|Any CPU
		{EF688777-8735-4BBC-A189-C2DF9293D8BA}.Debug|Any CPU.Build.0 = Debug|Any CPU
		{EF688777-8735-4BBC-A189-C2DF9293D8BA}.Release|Any CPU.ActiveCfg = Release|Any CPU
		{EF688777-8735-4BBC-A189-C2DF9293D8BA}.Release|Any CPU.Build.0 = Release|Any CPU
		{B2DAA1ED-9258-4AAE-BAB4-CBF257121937}.Debug|Any CPU.ActiveCfg = Debug|Any CPU
		{B2DAA1ED-9258-4AAE-BAB4-CBF257121937}.Debug|Any CPU.Build.0 = Debug|Any CPU
		{B2DAA1ED-9258-4AAE-BAB4-CBF257121937}.Release|Any CPU.ActiveCfg = Release|Any CPU
		{B2DAA1ED-9258-4AAE-BAB4-CBF257121937}.Release|Any CPU.Build.0 = Release|Any CPU
		{F2A40814-ECBD-4F2A-A72A-2E6B68C67569}.Debug|Any CPU.ActiveCfg = Debug|Any CPU
		{F2A40814-ECBD-4F2A-A72A-2E6B68C67569}.Debug|Any CPU.Build.0 = Debug|Any CPU
		{F2A40814-ECBD-4F2A-A72A-2E6B68C67569}.Release|Any CPU.ActiveCfg = Release|Any CPU
		{F2A40814-ECBD-4F2A-A72A-2E6B68C67569}.Release|Any CPU.Build.0 = Release|Any CPU
		{9BE4630A-AEF8-4A7C-99FA-B5926FA58F7F}.Debug|Any CPU.ActiveCfg = Debug|Any CPU
		{9BE4630A-AEF8-4A7C-99FA-B5926FA58F7F}.Debug|Any CPU.Build.0 = Debug|Any CPU
		{9BE4630A-AEF8-4A7C-99FA-B5926FA58F7F}.Release|Any CPU.ActiveCfg = Release|Any CPU
		{9BE4630A-AEF8-4A7C-99FA-B5926FA58F7F}.Release|Any CPU.Build.0 = Release|Any CPU
		{88ED2AEE-B906-45D1-B097-0097B0189CBF}.Debug|Any CPU.ActiveCfg = Debug|Any CPU
		{88ED2AEE-B906-45D1-B097-0097B0189CBF}.Debug|Any CPU.Build.0 = Debug|Any CPU
		{88ED2AEE-B906-45D1-B097-0097B0189CBF}.Release|Any CPU.ActiveCfg = Release|Any CPU
		{88ED2AEE-B906-45D1-B097-0097B0189CBF}.Release|Any CPU.Build.0 = Release|Any CPU
		{FC5798B2-8AAA-4001-B262-84B6E8223D9A}.Debug|Any CPU.ActiveCfg = Debug|Any CPU
		{FC5798B2-8AAA-4001-B262-84B6E8223D9A}.Debug|Any CPU.Build.0 = Debug|Any CPU
		{FC5798B2-8AAA-4001-B262-84B6E8223D9A}.Release|Any CPU.ActiveCfg = Release|Any CPU
		{FC5798B2-8AAA-4001-B262-84B6E8223D9A}.Release|Any CPU.Build.0 = Release|Any CPU
		{FF2BAF00-BA01-47BF-8D50-96F5956E86F8}.Debug|Any CPU.ActiveCfg = Debug|Any CPU
		{FF2BAF00-BA01-47BF-8D50-96F5956E86F8}.Debug|Any CPU.Build.0 = Debug|Any CPU
		{FF2BAF00-BA01-47BF-8D50-96F5956E86F8}.Release|Any CPU.ActiveCfg = Release|Any CPU
		{FF2BAF00-BA01-47BF-8D50-96F5956E86F8}.Release|Any CPU.Build.0 = Release|Any CPU
		{C21D0D0B-8D45-4EEA-8B24-6B1711047F21}.Debug|Any CPU.ActiveCfg = Debug|Any CPU
		{C21D0D0B-8D45-4EEA-8B24-6B1711047F21}.Debug|Any CPU.Build.0 = Debug|Any CPU
		{C21D0D0B-8D45-4EEA-8B24-6B1711047F21}.Release|Any CPU.ActiveCfg = Release|Any CPU
		{C21D0D0B-8D45-4EEA-8B24-6B1711047F21}.Release|Any CPU.Build.0 = Release|Any CPU
		{2CABA675-9984-4E95-8F46-03B7F4A2FE42}.Debug|Any CPU.ActiveCfg = Debug|Any CPU
		{2CABA675-9984-4E95-8F46-03B7F4A2FE42}.Debug|Any CPU.Build.0 = Debug|Any CPU
		{2CABA675-9984-4E95-8F46-03B7F4A2FE42}.Release|Any CPU.ActiveCfg = Release|Any CPU
		{2CABA675-9984-4E95-8F46-03B7F4A2FE42}.Release|Any CPU.Build.0 = Release|Any CPU
	EndGlobalSection
	GlobalSection(SolutionProperties) = preSolution
		HideSolutionNode = FALSE
	EndGlobalSection
	GlobalSection(ExtensibilityGlobals) = postSolution
		SolutionGuid = {BAC9EBA1-7C1D-441E-B76B-14D6157CE920}
	EndGlobalSection
EndGlobal
